github.com/Arch-4ng3l/Monkey v0.0.0-20230818103230-5ac846043000 h1:PlmYYl/qxc7lt/LJF72gQROo0pNaowKq3/ZiQUIJQJk=
github.com/Arch-4ng3l/Monkey v0.0.0-20230818103230-5ac846043000/go.mod h1:n4i1nBhYygqAfYIfPQDghvPZSrlGC85f5sJdPfpvXWc=
github.com/Arch-4ng3l/Monkey v0.0.0-20230819045557-df5f761345c8 h1:QgqmSeWOxhWXcWzggHz2wsJmmq6G4AiRVlwwUxgWPk4=
github.com/Arch-4ng3l/Monkey v0.0.0-20230819045557-df5f761345c8/go.mod h1:n4i1nBhYygqAfYIfPQDghvPZSrlGC85f5sJdPfpvXWc=
github.com/Arch-4ng3l/Monkey v0.0.0-20230819080955-9d6f28cab713 h1:AWoDYBxm+ZRR9icCZrrNfYZItBkj+McqCz2uV+KLWpg=
github.com/Arch-4ng3l/Monkey v0.0.0-20230819080955-9d6f28cab713/go.mod h1:n4i1nBhYygqAfYIfPQDghvPZSrlGC85f5sJdPfpvXWc=
github.com/Arch-4ng3l/Monkey v0.0.0-20230819101625-118820a54e2f h1:nNiqQXsgdZa0OIMMXCGAHdA/yF2HwJVEmuRszKKorB4=
github.com/Arch-4ng3l/Monkey v0.0.0-20230819101625-118820a54e2f/go.mod h1:n4i1nBhYygqAfYIfPQDghvPZSrlGC85f5sJdPfpvXWc=
github.com/Arch-4ng3l/Monkey v0.0.0-20230819163544-409b540e0459 h1:I/JKyd9rk4gt2B2xcFNRpGqu4FU/xNOVMNQECF9nT/k=
github.com/Arch-4ng3l/Monkey v0.0.0-20230819163544-409b540e0459/go.mod h1:n4i1nBhYygqAfYIfPQDghvPZSrlGC85f5sJdPfpvXWc=
github.com/TwiN/go-color v1.4.1 h1:mqG0P/KBgHKVqmtL5ye7K0/Gr4l6hTksPgTgMk3mUzc=
github.com/TwiN/go-color v1.4.1/go.mod h1:WcPf/jtiW95WBIsEeY1Lc/b8aaWoiqQpu5cf8WFxu+s=
